
Microsoft Visual Studio Solution File, Format Version 12.00
# Visual Studio Version 17
VisualStudioVersion = 17.3.32825.248
MinimumVisualStudioVersion = 10.0.40219.1
Project("{FAE04EC0-301F-11D3-BF4B-00C04F79EFBC}") = "SF_2.8.1", "SF_2.8.1\SF_2.8.1.csproj", "{5F6E9611-AACC-4B1D-80B5-9820F02CE24F}"
EndProject
Global
	GlobalSection(SolutionConfigurationPlatforms) = preSolution
		Debug|Any CPU = Debug|Any CPU
		Release|Any CPU = Release|Any CPU
	EndGlobalSection
	GlobalSection(ProjectConfigurationPlatforms) = postSolution
		{5F6E9611-AACC-4B1D-80B5-9820F02CE24F}.Debug|Any CPU.ActiveCfg = Debug|Any CPU
		{5F6E9611-AACC-4B1D-80B5-9820F02CE24F}.Debug|Any CPU.Build.0 = Debug|Any CPU
		{5F6E9611-AACC-4B1D-80B5-9820F02CE24F}.Release|Any CPU.ActiveCfg = Release|Any CPU
		{5F6E9611-AACC-4B1D-80B5-9820F02CE24F}.Release|Any CPU.Build.0 = Release|Any CPU
	EndGlobalSection
	GlobalSection(SolutionProperties) = preSolution
		HideSolutionNode = FALSE
	EndGlobalSection
	GlobalSection(ExtensibilityGlobals) = postSolution
		SolutionGuid = {14D7E777-E2E2-49EF-B158-A04D3574229A}
	EndGlobalSection
EndGlobal
